Microsoft Visual Studio Solution File, Format Version 12.00
# Visual Studio Version 17
VisualStudioVersion = 17.0.31903.59
MinimumVisualStudioVersion = 10.0.40219.1
Project("{FAE04EC0-301F-11D3-BF4B-00C04F79EFBC}") = "SimHub.Govee", "src\SimHub.Govee\SimHub.Govee.csproj", "{BCB3A530-9650-46B2-897A-3596EE4E8831}"
EndProject
Project("{FAE04EC0-301F-11D3-BF4B-00C04F79EFBC}") = "SimHub.Govee.Tests", "tests\SimHub.Govee.Tests\SimHub.Govee.Tests.csproj", "{5B23A611-A9E3-4DD5-A1CF-C918D3335552}"
EndProject
Global
	GlobalSection(SolutionConfigurationPlatforms) = preSolution
		Debug|Any CPU = Debug|Any CPU
		Release|Any CPU = Release|Any CPU
	EndGlobalSection
	GlobalSection(ProjectConfigurationPlatforms) = postSolution
		{BCB3A530-9650-46B2-897A-3596EE4E8831}.Debug|Any CPU.ActiveCfg = Debug|Any CPU
		{BCB3A530-9650-46B2-897A-3596EE4E8831}.Debug|Any CPU.Build.0 = Debug|Any CPU
		{BCB3A530-9650-46B2-897A-3596EE4E8831}.Release|Any CPU.ActiveCfg = Release|Any CPU
		{BCB3A530-9650-46B2-897A-3596EE4E8831}.Release|Any CPU.Build.0 = Release|Any CPU
		{5B23A611-A9E3-4DD5-A1CF-C918D3335552}.Debug|Any CPU.ActiveCfg = Debug|Any CPU
		{5B23A611-A9E3-4DD5-A1CF-C918D3335552}.Debug|Any CPU.Build.0 = Debug|Any CPU
		{5B23A611-A9E3-4DD5-A1CF-C918D3335552}.Release|Any CPU.ActiveCfg = Release|Any CPU
		{5B23A611-A9E3-4DD5-A1CF-C918D3335552}.Release|Any CPU.Build.0 = Release|Any CPU
	EndGlobalSection
EndGlobal
